
Microsoft Visual Studio Solution File, Format Version 12.00
# Visual Studio 15
VisualStudioVersion = 15.0.27130.2024
MinimumVisualStudioVersion = 10.0.40219.1
Project("{FAE04EC0-301F-11D3-BF4B-00C04F79EFBC}") = "L02teht1", "koonti\L02teht1.csproj", "{3C2B87F0-83AD-4582-B6F7-95399AB039A9}"
EndProject
Project("{FAE04EC0-301F-11D3-BF4B-00C04F79EFBC}") = "L01teht1", "L01\L01teht1.csproj", "{163ED148-6D66-4C4B-A0A7-E9DC785DF85E}"
EndProject
Project("{FAE04EC0-301F-11D3-BF4B-00C04F79EFBC}") = "L01teht2", "L01teht2\L01teht2.csproj", "{9216884A-39DF-4C42-B25C-0BDFD8762F21}"
EndProject
Project("{FAE04EC0-301F-11D3-BF4B-00C04F79EFBC}") = "L01teht3", "L01teht3\L01teht3.csproj", "{987C5BF7-DC05-4860-97EF-A4B9F38CFE31}"
EndProject
Project("{FAE04EC0-301F-11D3-BF4B-00C04F79EFBC}") = "L01teht4", "L01teht4\L01teht4.csproj", "{A79EC8D3-BED8-4784-A6C9-D20E763667AE}"
EndProject
Project("{FAE04EC0-301F-11D3-BF4B-00C04F79EFBC}") = "L01teht5", "L01teht5\L01teht5.csproj", "{13E467DC-2D2D-463A-A88A-6E47A228F513}"
EndProject
Project("{FAE04EC0-301F-11D3-BF4B-00C04F79EFBC}") = "L01teht6", "L01teht6\L01teht6.csproj", "{AEC6D48C-1241-4B29-94E8-AB63E13D942A}"
EndProject
Project("{FAE04EC0-301F-11D3-BF4B-00C04F79EFBC}") = "L01teht7", "L01teht7\L01teht7.csproj", "{002F24DD-1845-4286-81D1-89BBD4B93175}"
EndProject
Project("{FAE04EC0-301F-11D3-BF4B-00C04F79EFBC}") = "L01teht8", "L01teht8\L01teht8.csproj", "{25559600-379C-4648-BCAB-47A797B50E6A}"
EndProject
Project("{FAE04EC0-301F-11D3-BF4B-00C04F79EFBC}") = "L01teht9", "L01teht9\L01teht9.csproj", "{6F4A70E5-1D63-4257-AFD1-B5606922E8BE}"
EndProject
Project("{FAE04EC0-301F-11D3-BF4B-00C04F79EFBC}") = "L01teht10", "L01teht10\L01teht10.csproj", "{788F69C2-207A-439E-A53D-2E0B82406DBE}"
EndProject
Project("{FAE04EC0-301F-11D3-BF4B-00C04F79EFBC}") = "L02teht2", "L02teht2\L02teht2.csproj", "{103FC3DE-F39B-4F47-96FC-8DAAE72E6B14}"
EndProject
Project("{FAE04EC0-301F-11D3-BF4B-00C04F79EFBC}") = "L02teht3", "L02teht3\L02teht3.csproj", "{481496B3-CC8E-4F6D-A52D-BE676DFEF681}"
EndProject
Project("{FAE04EC0-301F-11D3-BF4B-00C04F79EFBC}") = "L02teht4", "L02teht4\L02teht4.csproj", "{F1058A7F-B414-44A7-AB72-4635AB23DAB6}"
EndProject
Project("{FAE04EC0-301F-11D3-BF4B-00C04F79EFBC}") = "L02teht5", "L02teht5\L02teht5.csproj", "{C05C355D-0268-4C13-8EDD-34C6DD4ABA1C}"
EndProject
Project("{FAE04EC0-301F-11D3-BF4B-00C04F79EFBC}") = "L02teht6", "L02teht6\L02teht6.csproj", "{EB859F70-05D8-45C0-B90C-D743BDCCD2C5}"
EndProject
Project("{FAE04EC0-301F-11D3-BF4B-00C04F79EFBC}") = "L02teht7", "L02teht7\L02teht7.csproj", "{18D31F61-E310-41A1-B91F-905A62EFDF6B}"
EndProject
Project("{FAE04EC0-301F-11D3-BF4B-00C04F79EFBC}") = "L02teht8", "L02teht8\L02teht8.csproj", "{272F6993-D3A5-4F40-B241-CF71E10265A1}"
EndProject
Project("{FAE04EC0-301F-11D3-BF4B-00C04F79EFBC}") = "L02teht9", "L02teht9\L02teht9.csproj", "{D1A12E2F-BE8C-4488-BD1B-E7173D40F44B}"
EndProject
Project("{FAE04EC0-301F-11D3-BF4B-00C04F79EFBC}") = "L02teht10", "L02teht10\L02teht10.csproj", "{2F39F469-83D6-45A3-9BBD-DF24475CDB4D}"
EndProject
Project("{FAE04EC0-301F-11D3-BF4B-00C04F79EFBC}") = "L04teht2", "L03teht1\L04teht2.csproj", "{4F017E66-193A-43FB-AAD9-0AB9980013AB}"
EndProject
Project("{FAE04EC0-301F-11D3-BF4B-00C04F79EFBC}") = "L04teht1", "L04teht1\L04teht1.csproj", "{7675B177-9569-41C1-93F9-B7320999696E}"
EndProject
Project("{FAE04EC0-301F-11D3-BF4B-00C04F79EFBC}") = "L04teht3", "L04teht3\L04teht3.csproj", "{8B9E2482-7CD2-49E6-9291-1E51254C3F50}"
EndProject
Project("{FAE04EC0-301F-11D3-BF4B-00C04F79EFBC}") = "L05teht1_kesken", "L05teht1_kesken\L05teht1_kesken.csproj", "{F64F3D5F-8823-4761-89E0-09144CBA91CC}"
EndProject
Project("{FAE04EC0-301F-11D3-BF4B-00C04F79EFBC}") = "L05teht2_kesken", "L05teht2_kesken\L05teht2_kesken.csproj", "{FA808350-39B3-4A51-BF95-CA0B40631B3D}"
EndProject
Project("{FAE04EC0-301F-11D3-BF4B-00C04F79EFBC}") = "L05teht3_kesken", "L05teht3_kesken\L05teht3_kesken.csproj", "{1D24279B-0DA8-465B-8E62-2F4F76EC7F17}"
EndProject
Project("{FAE04EC0-301F-11D3-BF4B-00C04F79EFBC}") = "L06teht1", "L06teht1\L06teht1.csproj", "{7655E2BA-A3D2-4EFD-A545-769A09779E22}"
EndProject
Project("{FAE04EC0-301F-11D3-BF4B-00C04F79EFBC}") = "L06teht2", "L06teht2\L06teht2.csproj", "{3CE81BDB-589E-48E3-8E4E-641DB275080E}"
EndProject
Project("{FAE04EC0-301F-11D3-BF4B-00C04F79EFBC}") = "L06teht3", "L06teht3\L06teht3.csproj", "{EB722165-1559-4373-AB57-674018C69439}"
EndProject
Project("{FAE04EC0-301F-11D3-BF4B-00C04F79EFBC}") = "L06teht4", "L06teht4\L06teht4.csproj", "{C19DA1A3-6803-443A-B4D1-C00EA0F56FE2}"
EndProject
Project("{FAE04EC0-301F-11D3-BF4B-00C04F79EFBC}") = "L06teht5", "L06teht5\L06teht5.csproj", "{67B2AA11-259A-4387-B6EC-CC3E13D7C99E}"
EndProject
Project("{FAE04EC0-301F-11D3-BF4B-00C04F79EFBC}") = "L07teht1", "L07teht1\L07teht1.csproj", "{843397D4-D237-4C33-9875-513CE946E2C9}"
EndProject
Project("{FAE04EC0-301F-11D3-BF4B-00C04F79EFBC}") = "L07teht2", "L07teht2\L07teht2.csproj", "{988D7715-B3CC-4354-9F56-D435E3C0CCD1}"
EndProject
Project("{FAE04EC0-301F-11D3-BF4B-00C04F79EFBC}") = "L07teht3", "L07teht3\L07teht3.csproj", "{6D95ADE2-11CE-42BE-8462-33AD30B8703C}"
EndProject
Project("{FAE04EC0-301F-11D3-BF4B-00C04F79EFBC}") = "L07teht4", "L07teht4\L07teht4.csproj", "{58A563F0-C404-4461-847C-24BF37480494}"
EndProject
Project("{FAE04EC0-301F-11D3-BF4B-00C04F79EFBC}") = "L07teht5", "L07teht5\L07teht5.csproj", "{8B51271F-94F9-4E7B-A2D2-919A0FCEA901}"
EndProject
Project("{FAE04EC0-301F-11D3-BF4B-00C04F79EFBC}") = "L08teht2", "L08teht2\L08teht2.csproj", "{86D9A344-CB08-4A4F-B278-0AA94A91195F}"
EndProject
Project("{FAE04EC0-301F-11D3-BF4B-00C04F79EFBC}") = "L10teht1", "L10teht1\L10teht1.csproj", "{B28E6DBB-59D1-4F57-8D61-197FA10602CC}"
EndProject
Global
	GlobalSection(SolutionConfigurationPlatforms) = preSolution
		Debug|Any CPU = Debug|Any CPU
		Release|Any CPU = Release|Any CPU
	EndGlobalSection
	GlobalSection(ProjectConfigurationPlatforms) = postSolution
		{3C2B87F0-83AD-4582-B6F7-95399AB039A9}.Debug|Any CPU.ActiveCfg = Debug|Any CPU
		{3C2B87F0-83AD-4582-B6F7-95399AB039A9}.Debug|Any CPU.Build.0 = Debug|Any CPU
		{3C2B87F0-83AD-4582-B6F7-95399AB039A9}.Release|Any CPU.ActiveCfg = Release|Any CPU
		{3C2B87F0-83AD-4582-B6F7-95399AB039A9}.Release|Any CPU.Build.0 = Release|Any CPU
		{163ED148-6D66-4C4B-A0A7-E9DC785DF85E}.Debug|Any CPU.ActiveCfg = Debug|Any CPU
		{163ED148-6D66-4C4B-A0A7-E9DC785DF85E}.Debug|Any CPU.Build.0 = Debug|Any CPU
		{163ED148-6D66-4C4B-A0A7-E9DC785DF85E}.Release|Any CPU.ActiveCfg = Release|Any CPU
		{163ED148-6D66-4C4B-A0A7-E9DC785DF85E}.Release|Any CPU.Build.0 = Release|Any CPU
		{9216884A-39DF-4C42-B25C-0BDFD8762F21}.Debug|Any CPU.ActiveCfg = Debug|Any CPU
		{9216884A-39DF-4C42-B25C-0BDFD8762F21}.Debug|Any CPU.Build.0 = Debug|Any CPU
		{9216884A-39DF-4C42-B25C-0BDFD8762F21}.Release|Any CPU.ActiveCfg = Release|Any CPU
		{9216884A-39DF-4C42-B25C-0BDFD8762F21}.Release|Any CPU.Build.0 = Release|Any CPU
		{987C5BF7-DC05-4860-97EF-A4B9F38CFE31}.Debug|Any CPU.ActiveCfg = Debug|Any CPU
		{987C5BF7-DC05-4860-97EF-A4B9F38CFE31}.Debug|Any CPU.Build.0 = Debug|Any CPU
		{987C5BF7-DC05-4860-97EF-A4B9F38CFE31}.Release|Any CPU.ActiveCfg = Release|Any CPU
		{987C5BF7-DC05-4860-97EF-A4B9F38CFE31}.Release|Any CPU.Build.0 = Release|Any CPU
		{A79EC8D3-BED8-4784-A6C9-D20E763667AE}.Debug|Any CPU.ActiveCfg = Debug|Any CPU
		{A79EC8D3-BED8-4784-A6C9-D20E763667AE}.Debug|Any CPU.Build.0 = Debug|Any CPU
		{A79EC8D3-BED8-4784-A6C9-D20E763667AE}.Release|Any CPU.ActiveCfg = Release|Any CPU
		{A79EC8D3-BED8-4784-A6C9-D20E763667AE}.Release|Any CPU.Build.0 = Release|Any CPU
		{13E467DC-2D2D-463A-A88A-6E47A228F513}.Debug|Any CPU.ActiveCfg = Debug|Any CPU
		{13E467DC-2D2D-463A-A88A-6E47A228F513}.Debug|Any CPU.Build.0 = Debug|Any CPU
		{13E467DC-2D2D-463A-A88A-6E47A228F513}.Release|Any CPU.ActiveCfg = Release|Any CPU
		{13E467DC-2D2D-463A-A88A-6E47A228F513}.Release|Any CPU.Build.0 = Release|Any CPU
		{AEC6D48C-1241-4B29-94E8-AB63E13D942A}.Debug|Any CPU.ActiveCfg = Debug|Any CPU
		{AEC6D48C-1241-4B29-94E8-AB63E13D942A}.Debug|Any CPU.Build.0 = Debug|Any CPU
		{AEC6D48C-1241-4B29-94E8-AB63E13D942A}.Release|Any CPU.ActiveCfg = Release|Any CPU
		{AEC6D48C-1241-4B29-94E8-AB63E13D942A}.Release|Any CPU.Build.0 = Release|Any CPU
		{002F24DD-1845-4286-81D1-89BBD4B93175}.Debug|Any CPU.ActiveCfg = Debug|Any CPU
		{002F24DD-1845-4286-81D1-89BBD4B93175}.Debug|Any CPU.Build.0 = Debug|Any CPU
		{002F24DD-1845-4286-81D1-89BBD4B93175}.Release|Any CPU.ActiveCfg = Release|Any CPU
		{002F24DD-1845-4286-81D1-89BBD4B93175}.Release|Any CPU.Build.0 = Release|Any CPU
		{25559600-379C-4648-BCAB-47A797B50E6A}.Debug|Any CPU.ActiveCfg = Debug|Any CPU
		{25559600-379C-4648-BCAB-47A797B50E6A}.Debug|Any CPU.Build.0 = Debug|Any CPU
		{25559600-379C-4648-BCAB-47A797B50E6A}.Release|Any CPU.ActiveCfg = Release|Any CPU
		{25559600-379C-4648-BCAB-47A797B50E6A}.Release|Any CPU.Build.0 = Release|Any CPU
		{6F4A70E5-1D63-4257-AFD1-B5606922E8BE}.Debug|Any CPU.ActiveCfg = Debug|Any CPU
		{6F4A70E5-1D63-4257-AFD1-B5606922E8BE}.Debug|Any CPU.Build.0 = Debug|Any CPU
		{6F4A70E5-1D63-4257-AFD1-B5606922E8BE}.Release|Any CPU.ActiveCfg = Release|Any CPU
		{6F4A70E5-1D63-4257-AFD1-B5606922E8BE}.Release|Any CPU.Build.0 = Release|Any CPU
		{788F69C2-207A-439E-A53D-2E0B82406DBE}.Debug|Any CPU.ActiveCfg = Debug|Any CPU
		{788F69C2-207A-439E-A53D-2E0B82406DBE}.Debug|Any CPU.Build.0 = Debug|Any CPU
		{788F69C2-207A-439E-A53D-2E0B82406DBE}.Release|Any CPU.ActiveCfg = Release|Any CPU
		{788F69C2-207A-439E-A53D-2E0B82406DBE}.Release|Any CPU.Build.0 = Release|Any CPU
		{103FC3DE-F39B-4F47-96FC-8DAAE72E6B14}.Debug|Any CPU.ActiveCfg = Debug|Any CPU
		{103FC3DE-F39B-4F47-96FC-8DAAE72E6B14}.Debug|Any CPU.Build.0 = Debug|Any CPU
		{103FC3DE-F39B-4F47-96FC-8DAAE72E6B14}.Release|Any CPU.ActiveCfg = Release|Any CPU
		{103FC3DE-F39B-4F47-96FC-8DAAE72E6B14}.Release|Any CPU.Build.0 = Release|Any CPU
		{481496B3-CC8E-4F6D-A52D-BE676DFEF681}.Debug|Any CPU.ActiveCfg = Debug|Any CPU
		{481496B3-CC8E-4F6D-A52D-BE676DFEF681}.Debug|Any CPU.Build.0 = Debug|Any CPU
		{481496B3-CC8E-4F6D-A52D-BE676DFEF681}.Release|Any CPU.ActiveCfg = Release|Any CPU
		{481496B3-CC8E-4F6D-A52D-BE676DFEF681}.Release|Any CPU.Build.0 = Release|Any CPU
		{F1058A7F-B414-44A7-AB72-4635AB23DAB6}.Debug|Any CPU.ActiveCfg = Debug|Any CPU
		{F1058A7F-B414-44A7-AB72-4635AB23DAB6}.Debug|Any CPU.Build.0 = Debug|Any CPU
		{F1058A7F-B414-44A7-AB72-4635AB23DAB6}.Release|Any CPU.ActiveCfg = Release|Any CPU
		{F1058A7F-B414-44A7-AB72-4635AB23DAB6}.Release|Any CPU.Build.0 = Release|Any CPU
		{C05C355D-0268-4C13-8EDD-34C6DD4ABA1C}.Debug|Any CPU.ActiveCfg = Debug|Any CPU
		{C05C355D-0268-4C13-8EDD-34C6DD4ABA1C}.Debug|Any CPU.Build.0 = Debug|Any CPU
		{C05C355D-0268-4C13-8EDD-34C6DD4ABA1C}.Release|Any CPU.ActiveCfg = Release|Any CPU
		{C05C355D-0268-4C13-8EDD-34C6DD4ABA1C}.Release|Any CPU.Build.0 = Release|Any CPU
		{EB859F70-05D8-45C0-B90C-D743BDCCD2C5}.Debug|Any CPU.ActiveCfg = Debug|Any CPU
		{EB859F70-05D8-45C0-B90C-D743BDCCD2C5}.Debug|Any CPU.Build.0 = Debug|Any CPU
		{EB859F70-05D8-45C0-B90C-D743BDCCD2C5}.Release|Any CPU.ActiveCfg = Release|Any CPU
		{EB859F70-05D8-45C0-B90C-D743BDCCD2C5}.Release|Any CPU.Build.0 = Release|Any CPU
		{18D31F61-E310-41A1-B91F-905A62EFDF6B}.Debug|Any CPU.ActiveCfg = Debug|Any CPU
		{18D31F61-E310-41A1-B91F-905A62EFDF6B}.Debug|Any CPU.Build.0 = Debug|Any CPU
		{18D31F61-E310-41A1-B91F-905A62EFDF6B}.Release|Any CPU.ActiveCfg = Release|Any CPU
		{18D31F61-E310-41A1-B91F-905A62EFDF6B}.Release|Any CPU.Build.0 = Release|Any CPU
		{272F6993-D3A5-4F40-B241-CF71E10265A1}.Debug|Any CPU.ActiveCfg = Debug|Any CPU
		{272F6993-D3A5-4F40-B241-CF71E10265A1}.Debug|Any CPU.Build.0 = Debug|Any CPU
		{272F6993-D3A5-4F40-B241-CF71E10265A1}.Release|Any CPU.ActiveCfg = Release|Any CPU
		{272F6993-D3A5-4F40-B241-CF71E10265A1}.Release|Any CPU.Build.0 = Release|Any CPU
		{D1A12E2F-BE8C-4488-BD1B-E7173D40F44B}.Debug|Any CPU.ActiveCfg = Debug|Any CPU
		{D1A12E2F-BE8C-4488-BD1B-E7173D40F44B}.Debug|Any CPU.Build.0 = Debug|Any CPU
		{D1A12E2F-BE8C-4488-BD1B-E7173D40F44B}.Release|Any CPU.ActiveCfg = Release|Any CPU
		{D1A12E2F-BE8C-4488-BD1B-E7173D40F44B}.Release|Any CPU.Build.0 = Release|Any CPU
		{2F39F469-83D6-45A3-9BBD-DF24475CDB4D}.Debug|Any CPU.ActiveCfg = Debug|Any CPU
		{2F39F469-83D6-45A3-9BBD-DF24475CDB4D}.Debug|Any CPU.Build.0 = Debug|Any CPU
		{2F39F469-83D6-45A3-9BBD-DF24475CDB4D}.Release|Any CPU.ActiveCfg = Release|Any CPU
		{2F39F469-83D6-45A3-9BBD-DF24475CDB4D}.Release|Any CPU.Build.0 = Release|Any CPU
		{4F017E66-193A-43FB-AAD9-0AB9980013AB}.Debug|Any CPU.ActiveCfg = Debug|Any CPU
		{4F017E66-193A-43FB-AAD9-0AB9980013AB}.Debug|Any CPU.Build.0 = Debug|Any CPU
		{4F017E66-193A-43FB-AAD9-0AB9980013AB}.Release|Any CPU.ActiveCfg = Release|Any CPU
		{4F017E66-193A-43FB-AAD9-0AB9980013AB}.Release|Any CPU.Build.0 = Release|Any CPU
		{7675B177-9569-41C1-93F9-B7320999696E}.Debug|Any CPU.ActiveCfg = Debug|Any CPU
		{7675B177-9569-41C1-93F9-B7320999696E}.Debug|Any CPU.Build.0 = Debug|Any CPU
		{7675B177-9569-41C1-93F9-B7320999696E}.Release|Any CPU.ActiveCfg = Release|Any CPU
		{7675B177-9569-41C1-93F9-B7320999696E}.Release|Any CPU.Build.0 = Release|Any CPU
		{8B9E2482-7CD2-49E6-9291-1E51254C3F50}.Debug|Any CPU.ActiveCfg = Debug|Any CPU
		{8B9E2482-7CD2-49E6-9291-1E51254C3F50}.Debug|Any CPU.Build.0 = Debug|Any CPU
		{8B9E2482-7CD2-49E6-9291-1E51254C3F50}.Release|Any CPU.ActiveCfg = Release|Any CPU
		{8B9E2482-7CD2-49E6-9291-1E51254C3F50}.Release|Any CPU.Build.0 = Release|Any CPU
		{F64F3D5F-8823-4761-89E0-09144CBA91CC}.Debug|Any CPU.ActiveCfg = Debug|Any CPU
		{F64F3D5F-8823-4761-89E0-09144CBA91CC}.Debug|Any CPU.Build.0 = Debug|Any CPU
		{F64F3D5F-8823-4761-89E0-09144CBA91CC}.Release|Any CPU.ActiveCfg = Release|Any CPU
		{F64F3D5F-8823-4761-89E0-09144CBA91CC}.Release|Any CPU.Build.0 = Release|Any CPU
		{FA808350-39B3-4A51-BF95-CA0B40631B3D}.Debug|Any CPU.ActiveCfg = Debug|Any CPU
		{FA808350-39B3-4A51-BF95-CA0B40631B3D}.Debug|Any CPU.Build.0 = Debug|Any CPU
		{FA808350-39B3-4A51-BF95-CA0B40631B3D}.Release|Any CPU.ActiveCfg = Release|Any CPU
		{FA808350-39B3-4A51-BF95-CA0B40631B3D}.Release|Any CPU.Build.0 = Release|Any CPU
		{1D24279B-0DA8-465B-8E62-2F4F76EC7F17}.Debug|Any CPU.ActiveCfg = Debug|Any CPU
		{1D24279B-0DA8-465B-8E62-2F4F76EC7F17}.Debug|Any CPU.Build.0 = Debug|Any CPU
		{1D24279B-0DA8-465B-8E62-2F4F76EC7F17}.Release|Any CPU.ActiveCfg = Release|Any CPU
		{1D24279B-0DA8-465B-8E62-2F4F76EC7F17}.Release|Any CPU.Build.0 = Release|Any CPU
		{7655E2BA-A3D2-4EFD-A545-769A09779E22}.Debug|Any CPU.ActiveCfg = Debug|Any CPU
		{7655E2BA-A3D2-4EFD-A545-769A09779E22}.Debug|Any CPU.Build.0 = Debug|Any CPU
		{7655E2BA-A3D2-4EFD-A545-769A09779E22}.Release|Any CPU.ActiveCfg = Release|Any CPU
		{7655E2BA-A3D2-4EFD-A545-769A09779E22}.Release|Any CPU.Build.0 = Release|Any CPU
		{3CE81BDB-589E-48E3-8E4E-641DB275080E}.Debug|Any CPU.ActiveCfg = Debug|Any CPU
		{3CE81BDB-589E-48E3-8E4E-641DB275080E}.Debug|Any CPU.Build.0 = Debug|Any CPU
		{3CE81BDB-589E-48E3-8E4E-641DB275080E}.Release|Any CPU.ActiveCfg = Release|Any CPU
		{3CE81BDB-589E-48E3-8E4E-641DB275080E}.Release|Any CPU.Build.0 = Release|Any CPU
		{EB722165-1559-4373-AB57-674018C69439}.Debug|Any CPU.ActiveCfg = Debug|Any CPU
		{EB722165-1559-4373-AB57-674018C69439}.Debug|Any CPU.Build.0 = Debug|Any CPU
		{EB722165-1559-4373-AB57-674018C69439}.Release|Any CPU.ActiveCfg = Release|Any CPU
		{EB722165-1559-4373-AB57-674018C69439}.Release|Any CPU.Build.0 = Release|Any CPU
		{C19DA1A3-6803-443A-B4D1-C00EA0F56FE2}.Debug|Any CPU.ActiveCfg = Debug|Any CPU
		{C19DA1A3-6803-443A-B4D1-C00EA0F56FE2}.Debug|Any CPU.Build.0 = Debug|Any CPU
		{C19DA1A3-6803-443A-B4D1-C00EA0F56FE2}.Release|Any CPU.ActiveCfg = Release|Any CPU
		{C19DA1A3-6803-443A-B4D1-C00EA0F56FE2}.Release|Any CPU.Build.0 = Release|Any CPU
		{67B2AA11-259A-4387-B6EC-CC3E13D7C99E}.Debug|Any CPU.ActiveCfg = Debug|Any CPU
		{67B2AA11-259A-4387-B6EC-CC3E13D7C99E}.Debug|Any CPU.Build.0 = Debug|Any CPU
		{67B2AA11-259A-4387-B6EC-CC3E13D7C99E}.Release|Any CPU.ActiveCfg = Release|Any CPU
		{67B2AA11-259A-4387-B6EC-CC3E13D7C99E}.Release|Any CPU.Build.0 = Release|Any CPU
		{843397D4-D237-4C33-9875-513CE946E2C9}.Debug|Any CPU.ActiveCfg = Debug|Any CPU
		{843397D4-D237-4C33-9875-513CE946E2C9}.Debug|Any CPU.Build.0 = Debug|Any CPU
		{843397D4-D237-4C33-9875-513CE946E2C9}.Release|Any CPU.ActiveCfg = Release|Any CPU
		{843397D4-D237-4C33-9875-513CE946E2C9}.Release|Any CPU.Build.0 = Release|Any CPU
		{988D7715-B3CC-4354-9F56-D435E3C0CCD1}.Debug|Any CPU.ActiveCfg = Debug|Any CPU
		{988D7715-B3CC-4354-9F56-D435E3C0CCD1}.Debug|Any CPU.Build.0 = Debug|Any CPU
		{988D7715-B3CC-4354-9F56-D435E3C0CCD1}.Release|Any CPU.ActiveCfg = Release|Any CPU
		{988D7715-B3CC-4354-9F56-D435E3C0CCD1}.Release|Any CPU.Build.0 = Release|Any CPU
		{6D95ADE2-11CE-42BE-8462-33AD30B8703C}.Debug|Any CPU.ActiveCfg = Debug|Any CPU
		{6D95ADE2-11CE-42BE-8462-33AD30B8703C}.Debug|Any CPU.Build.0 = Debug|Any CPU
		{6D95ADE2-11CE-42BE-8462-33AD30B8703C}.Release|Any CPU.ActiveCfg = Release|Any CPU
		{6D95ADE2-11CE-42BE-8462-33AD30B8703C}.Release|Any CPU.Build.0 = Release|Any CPU
		{58A563F0-C404-4461-847C-24BF37480494}.Debug|Any CPU.ActiveCfg = Debug|Any CPU
		{58A563F0-C404-4461-847C-24BF37480494}.Debug|Any CPU.Build.0 = Debug|Any CPU
		{58A563F0-C404-4461-847C-24BF37480494}.Release|Any CPU.ActiveCfg = Release|Any CPU
		{58A563F0-C404-4461-847C-24BF37480494}.Release|Any CPU.Build.0 = Release|Any CPU
		{8B51271F-94F9-4E7B-A2D2-919A0FCEA901}.Debug|Any CPU.ActiveCfg = Debug|Any CPU
		{8B51271F-94F9-4E7B-A2D2-919A0FCEA901}.Debug|Any CPU.Build.0 = Debug|Any CPU
		{8B51271F-94F9-4E7B-A2D2-919A0FCEA901}.Release|Any CPU.ActiveCfg = Release|Any CPU
		{8B51271F-94F9-4E7B-A2D2-919A0FCEA901}.Release|Any CPU.Build.0 = Release|Any CPU
		{86D9A344-CB08-4A4F-B278-0AA94A91195F}.Debug|Any CPU.ActiveCfg = Debug|Any CPU
		{86D9A344-CB08-4A4F-B278-0AA94A91195F}.Debug|Any CPU.Build.0 = Debug|Any CPU
		{86D9A344-CB08-4A4F-B278-0AA94A91195F}.Release|Any CPU.ActiveCfg = Release|Any CPU
		{86D9A344-CB08-4A4F-B278-0AA94A91195F}.Release|Any CPU.Build.0 = Release|Any CPU
		{B28E6DBB-59D1-4F57-8D61-197FA10602CC}.Debug|Any CPU.ActiveCfg = Debug|Any CPU
		{B28E6DBB-59D1-4F57-8D61-197FA10602CC}.Debug|Any CPU.Build.0 = Debug|Any CPU
		{B28E6DBB-59D1-4F57-8D61-197FA10602CC}.Release|Any CPU.ActiveCfg = Release|Any CPU
		{B28E6DBB-59D1-4F57-8D61-197FA10602CC}.Release|Any CPU.Build.0 = Release|Any CPU
	EndGlobalSection
	GlobalSection(SolutionProperties) = preSolution
		HideSolutionNode = FALSE
	EndGlobalSection
	GlobalSection(ExtensibilityGlobals) = postSolution
		SolutionGuid = {3E41E681-D7A5-41CE-B1A7-D51DFB00049E}
	EndGlobalSection
EndGlobal
